
Microsoft Visual Studio Solution File, Format Version 12.00
# Visual Studio Version 17
VisualStudioVersion = 17.6.33723.286
MinimumVisualStudioVersion = 10.0.40219.1
Project("{FAE04EC0-301F-11D3-BF4B-00C04F79EFBC}") = "Centenarului-Marii-Uniri", "Centenarului-Marii-Uniri\Centenarului-Marii-Uniri.csproj", "{EA761A49-34CE-45F6-B589-222D22041ABD}"
EndProject
Global
	GlobalSection(SolutionConfigurationPlatforms) = preSolution
		Debug|Any CPU = Debug|Any CPU
		Release|Any CPU = Release|Any CPU
	EndGlobalSection
	GlobalSection(ProjectConfigurationPlatforms) = postSolution
		{EA761A49-34CE-45F6-B589-222D22041ABD}.Debug|Any CPU.ActiveCfg = Debug|Any CPU
		{EA761A49-34CE-45F6-B589-222D22041ABD}.Debug|Any CPU.Build.0 = Debug|Any CPU
		{EA761A49-34CE-45F6-B589-222D22041ABD}.Release|Any CPU.ActiveCfg = Release|Any CPU
		{EA761A49-34CE-45F6-B589-222D22041ABD}.Release|Any CPU.Build.0 = Release|Any CPU
	EndGlobalSection
	GlobalSection(SolutionProperties) = preSolution
		HideSolutionNode = FALSE
	EndGlobalSection
	GlobalSection(ExtensibilityGlobals) = postSolution
		SolutionGuid = {D4FF111F-3ACD-4BD3-A4ED-8C89EF6071C3}
	EndGlobalSection
EndGlobal
